
Microsoft Visual Studio Solution File, Format Version 12.00
# Visual Studio 15
VisualStudioVersion = 15.0.28010.2003
MinimumVisualStudioVersion = 10.0.40219.1
Project("{8BC9CEB8-8B4A-11D0-8D11-00A0C91BC942}") = "TestLoader", "TestLoader\TestLoader.vcxproj", "{F2CED52C-7569-4E05-862A-30799DCA5845}"
EndProject
Project("{8BC9CEB8-8B4A-11D0-8D11-00A0C91BC942}") = "TestExecutor", "TestExecutor\TestExecutor.vcxproj", "{71CDEA49-B9A3-4F84-B523-F69BAECE3742}"
EndProject
Project("{8BC9CEB8-8B4A-11D0-8D11-00A0C91BC942}") = "LoggerUtilities", "LoggerUtilities\LoggerUtilities.vcxproj", "{6332A37B-00EA-43FA-AFAD-0511D8030ACE}"
EndProject
Project("{8BC9CEB8-8B4A-11D0-8D11-00A0C91BC942}") = "FileUtilities", "FileUtilities\FileUtilities.vcxproj", "{0A30D287-0517-4BB0-8741-97C07411524A}"
EndProject
Project("{8BC9CEB8-8B4A-11D0-8D11-00A0C91BC942}") = "TestUtilities", "TestUtilities\TestUtilities.vcxproj", "{38EEA0D4-9753-45D5-A0CB-05C1D90D0B7A}"
EndProject
Project("{8BC9CEB8-8B4A-11D0-8D11-00A0C91BC942}") = "TestExecutive", "TestExecutive\TestExecutive.vcxproj", "{F3C53C03-DB0A-495E-905D-21AE6BB73DD8}"
EndProject
Project("{8BC9CEB8-8B4A-11D0-8D11-00A0C91BC942}") = "HostedUtilities", "HostedUtilities\HostedUtilities.vcxproj", "{392C366C-29B1-4B5F-B461-7DEC2B7C4774}"
EndProject
Project("{8BC9CEB8-8B4A-11D0-8D11-00A0C91BC942}") = "CodeUtilitiesTest", "CodeUtilitiesTest\CodeUtilitiesTest.vcxproj", "{C025C37F-8BC5-476D-92BE-DD907D9A8350}"
EndProject
Project("{8BC9CEB8-8B4A-11D0-8D11-00A0C91BC942}") = "DemoReqs", "DemoReqs\DemoReqs.vcxproj", "{9756D45B-4E16-4D49-A11E-51C1C6D28B92}"
EndProject
Project("{8BC9CEB8-8B4A-11D0-8D11-00A0C91BC942}") = "FileSystem", "Utilities\FileSystem\FileSystem.vcxproj", "{ACE4D371-F507-4ED1-81AA-61C34D675BDF}"
EndProject
Project("{8BC9CEB8-8B4A-11D0-8D11-00A0C91BC942}") = "StringUtilities", "Utilities\StringUtilities\StringUtilities.vcxproj", "{462B43B2-8B13-4178-BF2A-903F76F1985C}"
EndProject
Project("{8BC9CEB8-8B4A-11D0-8D11-00A0C91BC942}") = "Message", "CppCommWithFileXfer\Message\Message.vcxproj", "{4133D528-AB6D-4CCD-AF37-67536F36154C}"
EndProject
Project("{8BC9CEB8-8B4A-11D0-8D11-00A0C91BC942}") = "MsgPassingComm", "CppCommWithFileXfer\MsgPassingComm\MsgPassingComm.vcxproj", "{6E58E051-CC07-4D7F-92A4-06A117A79CA7}"
EndProject
Project("{8BC9CEB8-8B4A-11D0-8D11-00A0C91BC942}") = "Sockets", "CppCommWithFileXfer\Sockets\Sockets.vcxproj", "{CA3129B8-1BF4-44C9-B116-53EC72D0BCCB}"
EndProject
Project("{8BC9CEB8-8B4A-11D0-8D11-00A0C91BC942}") = "Logger", "CppCommWithFileXfer\Logger\Logger.vcxproj", "{66D2C764-9DA8-4505-B869-8E84E8968F7C}"
EndProject
Project("{8BC9CEB8-8B4A-11D0-8D11-00A0C91BC942}") = "Cpp11-BlockingQueue", "CppCommWithFileXfer\Cpp11-BlockingQueue\Cpp11-BlockingQueue.vcxproj", "{38A1D03D-7747-4F79-9539-358F1D1D8DD7}"
EndProject
Project("{8BC9CEB8-8B4A-11D0-8D11-00A0C91BC942}") = "WindowsHelpers", "CppCommWithFileXfer\WindowsHelpers\zWindowsHelpers.vcxproj", "{3407BBC5-5BC7-4BD7-860D-CBC24715737B}"
EndProject
Project("{8BC9CEB8-8B4A-11D0-8D11-00A0C91BC942}") = "CodeUtilities", "Utilities\CodeUtilities\CodeUtilities.vcxproj", "{D6E40902-7A6C-4AF9-B69A-68E7B80B722C}"
EndProject
Project("{8BC9CEB8-8B4A-11D0-8D11-00A0C91BC942}") = "ClientDemo", "ClientDemo\ClientDemo.vcxproj", "{A1EDA74B-BC76-4752-A98C-648DA6B7AE4E}"
EndProject
Project("{8BC9CEB8-8B4A-11D0-8D11-00A0C91BC942}") = "Harness", "Harness\Harness.vcxproj", "{5AE4F7BD-9C57-45BA-8A64-C6CC651D9806}"
EndProject
Project("{8BC9CEB8-8B4A-11D0-8D11-00A0C91BC942}") = "DateTime", "Utilities\DateTime\DateTime.vcxproj", "{C1E1F450-B7E1-4796-84D5-7D3C831DFF68}"
EndProject
Project("{8BC9CEB8-8B4A-11D0-8D11-00A0C91BC942}") = "Properties", "Utilities\Properties\Properties.vcxproj", "{68345F1C-5B11-48CF-8AD8-059E981241DB}"
EndProject
Project("{8BC9CEB8-8B4A-11D0-8D11-00A0C91BC942}") = "Process", "Process\Process.vcxproj", "{5E2548A1-C280-49E1-A2B6-55F4BA12B3F2}"
EndProject
Project("{FAE04EC0-301F-11D3-BF4B-00C04F79EFBC}") = "GUI", "GUI\GUI.csproj", "{1A652E61-D7D7-49A9-958D-AB83E9C186C5}"
EndProject
Project("{8BC9CEB8-8B4A-11D0-8D11-00A0C91BC942}") = "CommLibWrapper", "CommLibWrapper\CommLibWrapper.vcxproj", "{B1DB1846-C0FC-48EF-80E4-DC556E9240FA}"
EndProject
Project("{8BC9CEB8-8B4A-11D0-8D11-00A0C91BC942}") = "Translater", "Translater\Translater.vcxproj", "{6105617E-3D4C-4914-BA33-E3D053496BA3}"
EndProject
Project("{8BC9CEB8-8B4A-11D0-8D11-00A0C91BC942}") = "DelayTests", "TestDriver\TestDriver.vcxproj", "{B6967135-E672-48E1-B41B-89DD49895A26}"
EndProject
Global
	GlobalSection(SolutionConfigurationPlatforms) = preSolution
		Debug|Any CPU = Debug|Any CPU
		Debug|ARM = Debug|ARM
		Debug|x64 = Debug|x64
		Debug|x86 = Debug|x86
		Release|Any CPU = Release|Any CPU
		Release|ARM = Release|ARM
		Release|x64 = Release|x64
		Release|x86 = Release|x86
	EndGlobalSection
	GlobalSection(ProjectConfigurationPlatforms) = postSolution
		{F2CED52C-7569-4E05-862A-30799DCA5845}.Debug|Any CPU.ActiveCfg = Debug|Win32
		{F2CED52C-7569-4E05-862A-30799DCA5845}.Debug|Any CPU.Build.0 = Debug|Win32
		{F2CED52C-7569-4E05-862A-30799DCA5845}.Debug|ARM.ActiveCfg = Debug|ARM
		{F2CED52C-7569-4E05-862A-30799DCA5845}.Debug|x64.ActiveCfg = Debug|x64
		{F2CED52C-7569-4E05-862A-30799DCA5845}.Debug|x64.Build.0 = Debug|x64
		{F2CED52C-7569-4E05-862A-30799DCA5845}.Debug|x86.ActiveCfg = Debug|Win32
		{F2CED52C-7569-4E05-862A-30799DCA5845}.Debug|x86.Build.0 = Debug|Win32
		{F2CED52C-7569-4E05-862A-30799DCA5845}.Release|Any CPU.ActiveCfg = Release|Win32
		{F2CED52C-7569-4E05-862A-30799DCA5845}.Release|ARM.ActiveCfg = Release|ARM
		{F2CED52C-7569-4E05-862A-30799DCA5845}.Release|x64.ActiveCfg = Release|x64
		{F2CED52C-7569-4E05-862A-30799DCA5845}.Release|x64.Build.0 = Release|x64
		{F2CED52C-7569-4E05-862A-30799DCA5845}.Release|x86.ActiveCfg = Release|Win32
		{F2CED52C-7569-4E05-862A-30799DCA5845}.Release|x86.Build.0 = Release|Win32
		{71CDEA49-B9A3-4F84-B523-F69BAECE3742}.Debug|Any CPU.ActiveCfg = Debug|Win32
		{71CDEA49-B9A3-4F84-B523-F69BAECE3742}.Debug|Any CPU.Build.0 = Debug|Win32
		{71CDEA49-B9A3-4F84-B523-F69BAECE3742}.Debug|ARM.ActiveCfg = Debug|ARM
		{71CDEA49-B9A3-4F84-B523-F69BAECE3742}.Debug|x64.ActiveCfg = Debug|x64
		{71CDEA49-B9A3-4F84-B523-F69BAECE3742}.Debug|x64.Build.0 = Debug|x64
		{71CDEA49-B9A3-4F84-B523-F69BAECE3742}.Debug|x86.ActiveCfg = Debug|Win32
		{71CDEA49-B9A3-4F84-B523-F69BAECE3742}.Debug|x86.Build.0 = Debug|Win32
		{71CDEA49-B9A3-4F84-B523-F69BAECE3742}.Release|Any CPU.ActiveCfg = Release|Win32
		{71CDEA49-B9A3-4F84-B523-F69BAECE3742}.Release|ARM.ActiveCfg = Release|ARM
		{71CDEA49-B9A3-4F84-B523-F69BAECE3742}.Release|x64.ActiveCfg = Release|x64
		{71CDEA49-B9A3-4F84-B523-F69BAECE3742}.Release|x64.Build.0 = Release|x64
		{71CDEA49-B9A3-4F84-B523-F69BAECE3742}.Release|x86.ActiveCfg = Release|Win32
		{71CDEA49-B9A3-4F84-B523-F69BAECE3742}.Release|x86.Build.0 = Release|Win32
		{6332A37B-00EA-43FA-AFAD-0511D8030ACE}.Debug|Any CPU.ActiveCfg = Debug|Win32
		{6332A37B-00EA-43FA-AFAD-0511D8030ACE}.Debug|Any CPU.Build.0 = Debug|Win32
		{6332A37B-00EA-43FA-AFAD-0511D8030ACE}.Debug|ARM.ActiveCfg = Debug|ARM
		{6332A37B-00EA-43FA-AFAD-0511D8030ACE}.Debug|x64.ActiveCfg = Debug|x64
		{6332A37B-00EA-43FA-AFAD-0511D8030ACE}.Debug|x64.Build.0 = Debug|x64
		{6332A37B-00EA-43FA-AFAD-0511D8030ACE}.Debug|x86.ActiveCfg = Debug|Win32
		{6332A37B-00EA-43FA-AFAD-0511D8030ACE}.Debug|x86.Build.0 = Debug|Win32
		{6332A37B-00EA-43FA-AFAD-0511D8030ACE}.Release|Any CPU.ActiveCfg = Release|Win32
		{6332A37B-00EA-43FA-AFAD-0511D8030ACE}.Release|ARM.ActiveCfg = Release|ARM
		{6332A37B-00EA-43FA-AFAD-0511D8030ACE}.Release|x64.ActiveCfg = Release|x64
		{6332A37B-00EA-43FA-AFAD-0511D8030ACE}.Release|x64.Build.0 = Release|x64
		{6332A37B-00EA-43FA-AFAD-0511D8030ACE}.Release|x86.ActiveCfg = Release|Win32
		{6332A37B-00EA-43FA-AFAD-0511D8030ACE}.Release|x86.Build.0 = Release|Win32
		{0A30D287-0517-4BB0-8741-97C07411524A}.Debug|Any CPU.ActiveCfg = Debug|Win32
		{0A30D287-0517-4BB0-8741-97C07411524A}.Debug|Any CPU.Build.0 = Debug|Win32
		{0A30D287-0517-4BB0-8741-97C07411524A}.Debug|ARM.ActiveCfg = Debug|ARM
		{0A30D287-0517-4BB0-8741-97C07411524A}.Debug|x64.ActiveCfg = Debug|x64
		{0A30D287-0517-4BB0-8741-97C07411524A}.Debug|x64.Build.0 = Debug|x64
		{0A30D287-0517-4BB0-8741-97C07411524A}.Debug|x86.ActiveCfg = Debug|Win32
		{0A30D287-0517-4BB0-8741-97C07411524A}.Debug|x86.Build.0 = Debug|Win32
		{0A30D287-0517-4BB0-8741-97C07411524A}.Release|Any CPU.ActiveCfg = Release|Win32
		{0A30D287-0517-4BB0-8741-97C07411524A}.Release|ARM.ActiveCfg = Release|ARM
		{0A30D287-0517-4BB0-8741-97C07411524A}.Release|x64.ActiveCfg = Release|x64
		{0A30D287-0517-4BB0-8741-97C07411524A}.Release|x64.Build.0 = Release|x64
		{0A30D287-0517-4BB0-8741-97C07411524A}.Release|x86.ActiveCfg = Release|Win32
		{0A30D287-0517-4BB0-8741-97C07411524A}.Release|x86.Build.0 = Release|Win32
		{38EEA0D4-9753-45D5-A0CB-05C1D90D0B7A}.Debug|Any CPU.ActiveCfg = Debug|Win32
		{38EEA0D4-9753-45D5-A0CB-05C1D90D0B7A}.Debug|Any CPU.Build.0 = Debug|Win32
		{38EEA0D4-9753-45D5-A0CB-05C1D90D0B7A}.Debug|ARM.ActiveCfg = Debug|ARM
		{38EEA0D4-9753-45D5-A0CB-05C1D90D0B7A}.Debug|x64.ActiveCfg = Debug|x64
		{38EEA0D4-9753-45D5-A0CB-05C1D90D0B7A}.Debug|x64.Build.0 = Debug|x64
		{38EEA0D4-9753-45D5-A0CB-05C1D90D0B7A}.Debug|x86.ActiveCfg = Debug|Win32
		{38EEA0D4-9753-45D5-A0CB-05C1D90D0B7A}.Debug|x86.Build.0 = Debug|Win32
		{38EEA0D4-9753-45D5-A0CB-05C1D90D0B7A}.Release|Any CPU.ActiveCfg = Release|Win32
		{38EEA0D4-9753-45D5-A0CB-05C1D90D0B7A}.Release|ARM.ActiveCfg = Release|ARM
		{38EEA0D4-9753-45D5-A0CB-05C1D90D0B7A}.Release|x64.ActiveCfg = Release|x64
		{38EEA0D4-9753-45D5-A0CB-05C1D90D0B7A}.Release|x64.Build.0 = Release|x64
		{38EEA0D4-9753-45D5-A0CB-05C1D90D0B7A}.Release|x86.ActiveCfg = Release|Win32
		{38EEA0D4-9753-45D5-A0CB-05C1D90D0B7A}.Release|x86.Build.0 = Release|Win32
		{F3C53C03-DB0A-495E-905D-21AE6BB73DD8}.Debug|Any CPU.ActiveCfg = Debug|Win32
		{F3C53C03-DB0A-495E-905D-21AE6BB73DD8}.Debug|Any CPU.Build.0 = Debug|Win32
		{F3C53C03-DB0A-495E-905D-21AE6BB73DD8}.Debug|ARM.ActiveCfg = Debug|ARM
		{F3C53C03-DB0A-495E-905D-21AE6BB73DD8}.Debug|x64.ActiveCfg = Debug|x64
		{F3C53C03-DB0A-495E-905D-21AE6BB73DD8}.Debug|x64.Build.0 = Debug|x64
		{F3C53C03-DB0A-495E-905D-21AE6BB73DD8}.Debug|x86.ActiveCfg = Debug|Win32
		{F3C53C03-DB0A-495E-905D-21AE6BB73DD8}.Debug|x86.Build.0 = Debug|Win32
		{F3C53C03-DB0A-495E-905D-21AE6BB73DD8}.Release|Any CPU.ActiveCfg = Release|Win32
		{F3C53C03-DB0A-495E-905D-21AE6BB73DD8}.Release|ARM.ActiveCfg = Release|ARM
		{F3C53C03-DB0A-495E-905D-21AE6BB73DD8}.Release|x64.ActiveCfg = Release|x64
		{F3C53C03-DB0A-495E-905D-21AE6BB73DD8}.Release|x64.Build.0 = Release|x64
		{F3C53C03-DB0A-495E-905D-21AE6BB73DD8}.Release|x86.ActiveCfg = Release|Win32
		{F3C53C03-DB0A-495E-905D-21AE6BB73DD8}.Release|x86.Build.0 = Release|Win32
		{392C366C-29B1-4B5F-B461-7DEC2B7C4774}.Debug|Any CPU.ActiveCfg = Debug|Win32
		{392C366C-29B1-4B5F-B461-7DEC2B7C4774}.Debug|Any CPU.Build.0 = Debug|Win32
		{392C366C-29B1-4B5F-B461-7DEC2B7C4774}.Debug|ARM.ActiveCfg = Debug|ARM
		{392C366C-29B1-4B5F-B461-7DEC2B7C4774}.Debug|x64.ActiveCfg = Debug|x64
		{392C366C-29B1-4B5F-B461-7DEC2B7C4774}.Debug|x64.Build.0 = Debug|x64
		{392C366C-29B1-4B5F-B461-7DEC2B7C4774}.Debug|x86.ActiveCfg = Debug|Win32
		{392C366C-29B1-4B5F-B461-7DEC2B7C4774}.Debug|x86.Build.0 = Debug|Win32
		{392C366C-29B1-4B5F-B461-7DEC2B7C4774}.Release|Any CPU.ActiveCfg = Release|Win32
		{392C366C-29B1-4B5F-B461-7DEC2B7C4774}.Release|ARM.ActiveCfg = Release|ARM
		{392C366C-29B1-4B5F-B461-7DEC2B7C4774}.Release|x64.ActiveCfg = Release|x64
		{392C366C-29B1-4B5F-B461-7DEC2B7C4774}.Release|x64.Build.0 = Release|x64
		{392C366C-29B1-4B5F-B461-7DEC2B7C4774}.Release|x86.ActiveCfg = Release|Win32
		{392C366C-29B1-4B5F-B461-7DEC2B7C4774}.Release|x86.Build.0 = Release|Win32
		{C025C37F-8BC5-476D-92BE-DD907D9A8350}.Debug|Any CPU.ActiveCfg = Debug|Win32
		{C025C37F-8BC5-476D-92BE-DD907D9A8350}.Debug|Any CPU.Build.0 = Debug|Win32
		{C025C37F-8BC5-476D-92BE-DD907D9A8350}.Debug|ARM.ActiveCfg = Debug|ARM
		{C025C37F-8BC5-476D-92BE-DD907D9A8350}.Debug|x64.ActiveCfg = Debug|x64
		{C025C37F-8BC5-476D-92BE-DD907D9A8350}.Debug|x64.Build.0 = Debug|x64
		{C025C37F-8BC5-476D-92BE-DD907D9A8350}.Debug|x86.ActiveCfg = Debug|Win32
		{C025C37F-8BC5-476D-92BE-DD907D9A8350}.Debug|x86.Build.0 = Debug|Win32
		{C025C37F-8BC5-476D-92BE-DD907D9A8350}.Release|Any CPU.ActiveCfg = Release|Win32
		{C025C37F-8BC5-476D-92BE-DD907D9A8350}.Release|ARM.ActiveCfg = Release|ARM
		{C025C37F-8BC5-476D-92BE-DD907D9A8350}.Release|x64.ActiveCfg = Release|x64
		{C025C37F-8BC5-476D-92BE-DD907D9A8350}.Release|x64.Build.0 = Release|x64
		{C025C37F-8BC5-476D-92BE-DD907D9A8350}.Release|x86.ActiveCfg = Release|Win32
		{C025C37F-8BC5-476D-92BE-DD907D9A8350}.Release|x86.Build.0 = Release|Win32
		{9756D45B-4E16-4D49-A11E-51C1C6D28B92}.Debug|Any CPU.ActiveCfg = Debug|Win32
		{9756D45B-4E16-4D49-A11E-51C1C6D28B92}.Debug|Any CPU.Build.0 = Debug|Win32
		{9756D45B-4E16-4D49-A11E-51C1C6D28B92}.Debug|ARM.ActiveCfg = Debug|ARM
		{9756D45B-4E16-4D49-A11E-51C1C6D28B92}.Debug|x64.ActiveCfg = Debug|x64
		{9756D45B-4E16-4D49-A11E-51C1C6D28B92}.Debug|x64.Build.0 = Debug|x64
		{9756D45B-4E16-4D49-A11E-51C1C6D28B92}.Debug|x86.ActiveCfg = Debug|Win32
		{9756D45B-4E16-4D49-A11E-51C1C6D28B92}.Debug|x86.Build.0 = Debug|Win32
		{9756D45B-4E16-4D49-A11E-51C1C6D28B92}.Release|Any CPU.ActiveCfg = Release|Win32
		{9756D45B-4E16-4D49-A11E-51C1C6D28B92}.Release|ARM.ActiveCfg = Release|ARM
		{9756D45B-4E16-4D49-A11E-51C1C6D28B92}.Release|x64.ActiveCfg = Release|x64
		{9756D45B-4E16-4D49-A11E-51C1C6D28B92}.Release|x64.Build.0 = Release|x64
		{9756D45B-4E16-4D49-A11E-51C1C6D28B92}.Release|x86.ActiveCfg = Release|Win32
		{9756D45B-4E16-4D49-A11E-51C1C6D28B92}.Release|x86.Build.0 = Release|Win32
		{ACE4D371-F507-4ED1-81AA-61C34D675BDF}.Debug|Any CPU.ActiveCfg = Debug|Win32
		{ACE4D371-F507-4ED1-81AA-61C34D675BDF}.Debug|Any CPU.Build.0 = Debug|Win32
		{ACE4D371-F507-4ED1-81AA-61C34D675BDF}.Debug|ARM.ActiveCfg = Debug|ARM
		{ACE4D371-F507-4ED1-81AA-61C34D675BDF}.Debug|x64.ActiveCfg = Debug|x64
		{ACE4D371-F507-4ED1-81AA-61C34D675BDF}.Debug|x64.Build.0 = Debug|x64
		{ACE4D371-F507-4ED1-81AA-61C34D675BDF}.Debug|x86.ActiveCfg = Debug|Win32
		{ACE4D371-F507-4ED1-81AA-61C34D675BDF}.Debug|x86.Build.0 = Debug|Win32
		{ACE4D371-F507-4ED1-81AA-61C34D675BDF}.Release|Any CPU.ActiveCfg = Release|Win32
		{ACE4D371-F507-4ED1-81AA-61C34D675BDF}.Release|ARM.ActiveCfg = Release|ARM
		{ACE4D371-F507-4ED1-81AA-61C34D675BDF}.Release|x64.ActiveCfg = Release|x64
		{ACE4D371-F507-4ED1-81AA-61C34D675BDF}.Release|x64.Build.0 = Release|x64
		{ACE4D371-F507-4ED1-81AA-61C34D675BDF}.Release|x86.ActiveCfg = Release|Win32
		{ACE4D371-F507-4ED1-81AA-61C34D675BDF}.Release|x86.Build.0 = Release|Win32
		{462B43B2-8B13-4178-BF2A-903F76F1985C}.Debug|Any CPU.ActiveCfg = Debug|Win32
		{462B43B2-8B13-4178-BF2A-903F76F1985C}.Debug|Any CPU.Build.0 = Debug|Win32
		{462B43B2-8B13-4178-BF2A-903F76F1985C}.Debug|ARM.ActiveCfg = Debug|ARM
		{462B43B2-8B13-4178-BF2A-903F76F1985C}.Debug|x64.ActiveCfg = Debug|x64
		{462B43B2-8B13-4178-BF2A-903F76F1985C}.Debug|x64.Build.0 = Debug|x64
		{462B43B2-8B13-4178-BF2A-903F76F1985C}.Debug|x86.ActiveCfg = Debug|Win32
		{462B43B2-8B13-4178-BF2A-903F76F1985C}.Debug|x86.Build.0 = Debug|Win32
		{462B43B2-8B13-4178-BF2A-903F76F1985C}.Release|Any CPU.ActiveCfg = Release|Win32
		{462B43B2-8B13-4178-BF2A-903F76F1985C}.Release|ARM.ActiveCfg = Release|ARM
		{462B43B2-8B13-4178-BF2A-903F76F1985C}.Release|x64.ActiveCfg = Release|x64
		{462B43B2-8B13-4178-BF2A-903F76F1985C}.Release|x64.Build.0 = Release|x64
		{462B43B2-8B13-4178-BF2A-903F76F1985C}.Release|x86.ActiveCfg = Release|Win32
		{462B43B2-8B13-4178-BF2A-903F76F1985C}.Release|x86.Build.0 = Release|Win32
		{4133D528-AB6D-4CCD-AF37-67536F36154C}.Debug|Any CPU.ActiveCfg = Debug|Win32
		{4133D528-AB6D-4CCD-AF37-67536F36154C}.Debug|Any CPU.Build.0 = Debug|Win32
		{4133D528-AB6D-4CCD-AF37-67536F36154C}.Debug|ARM.ActiveCfg = Debug|ARM
		{4133D528-AB6D-4CCD-AF37-67536F36154C}.Debug|x64.ActiveCfg = Debug|x64
		{4133D528-AB6D-4CCD-AF37-67536F36154C}.Debug|x64.Build.0 = Debug|x64
		{4133D528-AB6D-4CCD-AF37-67536F36154C}.Debug|x86.ActiveCfg = Debug|Win32
		{4133D528-AB6D-4CCD-AF37-67536F36154C}.Debug|x86.Build.0 = Debug|Win32
		{4133D528-AB6D-4CCD-AF37-67536F36154C}.Release|Any CPU.ActiveCfg = Release|Win32
		{4133D528-AB6D-4CCD-AF37-67536F36154C}.Release|ARM.ActiveCfg = Release|ARM
		{4133D528-AB6D-4CCD-AF37-67536F36154C}.Release|x64.ActiveCfg = Release|x64
		{4133D528-AB6D-4CCD-AF37-67536F36154C}.Release|x64.Build.0 = Release|x64
		{4133D528-AB6D-4CCD-AF37-67536F36154C}.Release|x86.ActiveCfg = Release|Win32
		{4133D528-AB6D-4CCD-AF37-67536F36154C}.Release|x86.Build.0 = Release|Win32
		{6E58E051-CC07-4D7F-92A4-06A117A79CA7}.Debug|Any CPU.ActiveCfg = Debug|Win32
		{6E58E051-CC07-4D7F-92A4-06A117A79CA7}.Debug|Any CPU.Build.0 = Debug|Win32
		{6E58E051-CC07-4D7F-92A4-06A117A79CA7}.Debug|ARM.ActiveCfg = Debug|ARM
		{6E58E051-CC07-4D7F-92A4-06A117A79CA7}.Debug|x64.ActiveCfg = Debug|x64
		{6E58E051-CC07-4D7F-92A4-06A117A79CA7}.Debug|x64.Build.0 = Debug|x64
		{6E58E051-CC07-4D7F-92A4-06A117A79CA7}.Debug|x86.ActiveCfg = Debug|Win32
		{6E58E051-CC07-4D7F-92A4-06A117A79CA7}.Debug|x86.Build.0 = Debug|Win32
		{6E58E051-CC07-4D7F-92A4-06A117A79CA7}.Release|Any CPU.ActiveCfg = Release|Win32
		{6E58E051-CC07-4D7F-92A4-06A117A79CA7}.Release|ARM.ActiveCfg = Release|ARM
		{6E58E051-CC07-4D7F-92A4-06A117A79CA7}.Release|x64.ActiveCfg = Release|x64
		{6E58E051-CC07-4D7F-92A4-06A117A79CA7}.Release|x64.Build.0 = Release|x64
		{6E58E051-CC07-4D7F-92A4-06A117A79CA7}.Release|x86.ActiveCfg = Release|Win32
		{6E58E051-CC07-4D7F-92A4-06A117A79CA7}.Release|x86.Build.0 = Release|Win32
		{CA3129B8-1BF4-44C9-B116-53EC72D0BCCB}.Debug|Any CPU.ActiveCfg = Debug|Win32
		{CA3129B8-1BF4-44C9-B116-53EC72D0BCCB}.Debug|Any CPU.Build.0 = Debug|Win32
		{CA3129B8-1BF4-44C9-B116-53EC72D0BCCB}.Debug|ARM.ActiveCfg = Debug|ARM
		{CA3129B8-1BF4-44C9-B116-53EC72D0BCCB}.Debug|x64.ActiveCfg = Debug|x64
		{CA3129B8-1BF4-44C9-B116-53EC72D0BCCB}.Debug|x64.Build.0 = Debug|x64
		{CA3129B8-1BF4-44C9-B116-53EC72D0BCCB}.Debug|x86.ActiveCfg = Debug|Win32
		{CA3129B8-1BF4-44C9-B116-53EC72D0BCCB}.Debug|x86.Build.0 = Debug|Win32
		{CA3129B8-1BF4-44C9-B116-53EC72D0BCCB}.Release|Any CPU.ActiveCfg = Release|Win32
		{CA3129B8-1BF4-44C9-B116-53EC72D0BCCB}.Release|ARM.ActiveCfg = Release|ARM
		{CA3129B8-1BF4-44C9-B116-53EC72D0BCCB}.Release|x64.ActiveCfg = Release|Win32
		{CA3129B8-1BF4-44C9-B116-53EC72D0BCCB}.Release|x86.ActiveCfg = Release|Win32
		{CA3129B8-1BF4-44C9-B116-53EC72D0BCCB}.Release|x86.Build.0 = Release|Win32
		{66D2C764-9DA8-4505-B869-8E84E8968F7C}.Debug|Any CPU.ActiveCfg = Debug|Win32
		{66D2C764-9DA8-4505-B869-8E84E8968F7C}.Debug|Any CPU.Build.0 = Debug|Win32
		{66D2C764-9DA8-4505-B869-8E84E8968F7C}.Debug|ARM.ActiveCfg = Debug|ARM
		{66D2C764-9DA8-4505-B869-8E84E8968F7C}.Debug|x64.ActiveCfg = Debug|x64
		{66D2C764-9DA8-4505-B869-8E84E8968F7C}.Debug|x64.Build.0 = Debug|x64
		{66D2C764-9DA8-4505-B869-8E84E8968F7C}.Debug|x86.ActiveCfg = Debug|Win32
		{66D2C764-9DA8-4505-B869-8E84E8968F7C}.Debug|x86.Build.0 = Debug|Win32
		{66D2C764-9DA8-4505-B869-8E84E8968F7C}.Release|Any CPU.ActiveCfg = Release|Win32
		{66D2C764-9DA8-4505-B869-8E84E8968F7C}.Release|ARM.ActiveCfg = Release|ARM
		{66D2C764-9DA8-4505-B869-8E84E8968F7C}.Release|x64.ActiveCfg = Release|x64
		{66D2C764-9DA8-4505-B869-8E84E8968F7C}.Release|x64.Build.0 = Release|x64
		{66D2C764-9DA8-4505-B869-8E84E8968F7C}.Release|x86.ActiveCfg = Release|Win32
		{66D2C764-9DA8-4505-B869-8E84E8968F7C}.Release|x86.Build.0 = Release|Win32
		{38A1D03D-7747-4F79-9539-358F1D1D8DD7}.Debug|Any CPU.ActiveCfg = Debug|Win32
		{38A1D03D-7747-4F79-9539-358F1D1D8DD7}.Debug|Any CPU.Build.0 = Debug|Win32
		{38A1D03D-7747-4F79-9539-358F1D1D8DD7}.Debug|ARM.ActiveCfg = Debug|ARM
		{38A1D03D-7747-4F79-9539-358F1D1D8DD7}.Debug|x64.ActiveCfg = Debug|x64
		{38A1D03D-7747-4F79-9539-358F1D1D8DD7}.Debug|x64.Build.0 = Debug|x64
		{38A1D03D-7747-4F79-9539-358F1D1D8DD7}.Debug|x86.ActiveCfg = Debug|Win32
		{38A1D03D-7747-4F79-9539-358F1D1D8DD7}.Debug|x86.Build.0 = Debug|Win32
		{38A1D03D-7747-4F79-9539-358F1D1D8DD7}.Release|Any CPU.ActiveCfg = Release|Win32
		{38A1D03D-7747-4F79-9539-358F1D1D8DD7}.Release|ARM.ActiveCfg = Release|ARM
		{38A1D03D-7747-4F79-9539-358F1D1D8DD7}.Release|x64.ActiveCfg = Release|Win32
		{38A1D03D-7747-4F79-9539-358F1D1D8DD7}.Release|x86.ActiveCfg = Release|Win32
		{38A1D03D-7747-4F79-9539-358F1D1D8DD7}.Release|x86.Build.0 = Release|Win32
		{3407BBC5-5BC7-4BD7-860D-CBC24715737B}.Debug|Any CPU.ActiveCfg = Debug|Win32
		{3407BBC5-5BC7-4BD7-860D-CBC24715737B}.Debug|Any CPU.Build.0 = Debug|Win32
		{3407BBC5-5BC7-4BD7-860D-CBC24715737B}.Debug|ARM.ActiveCfg = Debug|ARM
		{3407BBC5-5BC7-4BD7-860D-CBC24715737B}.Debug|x64.ActiveCfg = Debug|x64
		{3407BBC5-5BC7-4BD7-860D-CBC24715737B}.Debug|x64.Build.0 = Debug|x64
		{3407BBC5-5BC7-4BD7-860D-CBC24715737B}.Debug|x86.ActiveCfg = Debug|Win32
		{3407BBC5-5BC7-4BD7-860D-CBC24715737B}.Debug|x86.Build.0 = Debug|Win32
		{3407BBC5-5BC7-4BD7-860D-CBC24715737B}.Release|Any CPU.ActiveCfg = Release|Win32
		{3407BBC5-5BC7-4BD7-860D-CBC24715737B}.Release|ARM.ActiveCfg = Release|ARM
		{3407BBC5-5BC7-4BD7-860D-CBC24715737B}.Release|x64.ActiveCfg = Release|Win32
		{3407BBC5-5BC7-4BD7-860D-CBC24715737B}.Release|x86.ActiveCfg = Release|Win32
		{3407BBC5-5BC7-4BD7-860D-CBC24715737B}.Release|x86.Build.0 = Release|Win32
		{D6E40902-7A6C-4AF9-B69A-68E7B80B722C}.Debug|Any CPU.ActiveCfg = Debug|Win32
		{D6E40902-7A6C-4AF9-B69A-68E7B80B722C}.Debug|Any CPU.Build.0 = Debug|Win32
		{D6E40902-7A6C-4AF9-B69A-68E7B80B722C}.Debug|ARM.ActiveCfg = Debug|ARM
		{D6E40902-7A6C-4AF9-B69A-68E7B80B722C}.Debug|x64.ActiveCfg = Debug|x64
		{D6E40902-7A6C-4AF9-B69A-68E7B80B722C}.Debug|x64.Build.0 = Debug|x64
		{D6E40902-7A6C-4AF9-B69A-68E7B80B722C}.Debug|x86.ActiveCfg = Debug|Win32
		{D6E40902-7A6C-4AF9-B69A-68E7B80B722C}.Debug|x86.Build.0 = Debug|Win32
		{D6E40902-7A6C-4AF9-B69A-68E7B80B722C}.Release|Any CPU.ActiveCfg = Release|Win32
		{D6E40902-7A6C-4AF9-B69A-68E7B80B722C}.Release|ARM.ActiveCfg = Release|ARM
		{D6E40902-7A6C-4AF9-B69A-68E7B80B722C}.Release|x64.ActiveCfg = Release|x64
		{D6E40902-7A6C-4AF9-B69A-68E7B80B722C}.Release|x64.Build.0 = Release|x64
		{D6E40902-7A6C-4AF9-B69A-68E7B80B722C}.Release|x86.ActiveCfg = Release|Win32
		{D6E40902-7A6C-4AF9-B69A-68E7B80B722C}.Release|x86.Build.0 = Release|Win32
		{A1EDA74B-BC76-4752-A98C-648DA6B7AE4E}.Debug|Any CPU.ActiveCfg = Debug|Win32
		{A1EDA74B-BC76-4752-A98C-648DA6B7AE4E}.Debug|Any CPU.Build.0 = Debug|Win32
		{A1EDA74B-BC76-4752-A98C-648DA6B7AE4E}.Debug|ARM.ActiveCfg = Debug|ARM
		{A1EDA74B-BC76-4752-A98C-648DA6B7AE4E}.Debug|x64.ActiveCfg = Debug|x64
		{A1EDA74B-BC76-4752-A98C-648DA6B7AE4E}.Debug|x64.Build.0 = Debug|x64
		{A1EDA74B-BC76-4752-A98C-648DA6B7AE4E}.Debug|x86.ActiveCfg = Debug|Win32
		{A1EDA74B-BC76-4752-A98C-648DA6B7AE4E}.Debug|x86.Build.0 = Debug|Win32
		{A1EDA74B-BC76-4752-A98C-648DA6B7AE4E}.Release|Any CPU.ActiveCfg = Release|Win32
		{A1EDA74B-BC76-4752-A98C-648DA6B7AE4E}.Release|ARM.ActiveCfg = Release|ARM
		{A1EDA74B-BC76-4752-A98C-648DA6B7AE4E}.Release|x64.ActiveCfg = Release|x64
		{A1EDA74B-BC76-4752-A98C-648DA6B7AE4E}.Release|x64.Build.0 = Release|x64
		{A1EDA74B-BC76-4752-A98C-648DA6B7AE4E}.Release|x86.ActiveCfg = Release|Win32
		{A1EDA74B-BC76-4752-A98C-648DA6B7AE4E}.Release|x86.Build.0 = Release|Win32
		{5AE4F7BD-9C57-45BA-8A64-C6CC651D9806}.Debug|Any CPU.ActiveCfg = Debug|Win32
		{5AE4F7BD-9C57-45BA-8A64-C6CC651D9806}.Debug|Any CPU.Build.0 = Debug|Win32
		{5AE4F7BD-9C57-45BA-8A64-C6CC651D9806}.Debug|ARM.ActiveCfg = Debug|ARM
		{5AE4F7BD-9C57-45BA-8A64-C6CC651D9806}.Debug|x64.ActiveCfg = Debug|x64
		{5AE4F7BD-9C57-45BA-8A64-C6CC651D9806}.Debug|x64.Build.0 = Debug|x64
		{5AE4F7BD-9C57-45BA-8A64-C6CC651D9806}.Debug|x86.ActiveCfg = Debug|Win32
		{5AE4F7BD-9C57-45BA-8A64-C6CC651D9806}.Debug|x86.Build.0 = Debug|Win32
		{5AE4F7BD-9C57-45BA-8A64-C6CC651D9806}.Release|Any CPU.ActiveCfg = Release|Win32
		{5AE4F7BD-9C57-45BA-8A64-C6CC651D9806}.Release|ARM.ActiveCfg = Release|ARM
		{5AE4F7BD-9C57-45BA-8A64-C6CC651D9806}.Release|x64.ActiveCfg = Release|x64
		{5AE4F7BD-9C57-45BA-8A64-C6CC651D9806}.Release|x64.Build.0 = Release|x64
		{5AE4F7BD-9C57-45BA-8A64-C6CC651D9806}.Release|x86.ActiveCfg = Release|Win32
		{5AE4F7BD-9C57-45BA-8A64-C6CC651D9806}.Release|x86.Build.0 = Release|Win32
		{C1E1F450-B7E1-4796-84D5-7D3C831DFF68}.Debug|Any CPU.ActiveCfg = Debug|Win32
		{C1E1F450-B7E1-4796-84D5-7D3C831DFF68}.Debug|Any CPU.Build.0 = Debug|Win32
		{C1E1F450-B7E1-4796-84D5-7D3C831DFF68}.Debug|ARM.ActiveCfg = Debug|ARM
		{C1E1F450-B7E1-4796-84D5-7D3C831DFF68}.Debug|x64.ActiveCfg = Debug|x64
		{C1E1F450-B7E1-4796-84D5-7D3C831DFF68}.Debug|x64.Build.0 = Debug|x64
		{C1E1F450-B7E1-4796-84D5-7D3C831DFF68}.Debug|x86.ActiveCfg = Debug|Win32
		{C1E1F450-B7E1-4796-84D5-7D3C831DFF68}.Debug|x86.Build.0 = Debug|Win32
		{C1E1F450-B7E1-4796-84D5-7D3C831DFF68}.Release|Any CPU.ActiveCfg = Release|Win32
		{C1E1F450-B7E1-4796-84D5-7D3C831DFF68}.Release|ARM.ActiveCfg = Release|ARM
		{C1E1F450-B7E1-4796-84D5-7D3C831DFF68}.Release|x64.ActiveCfg = Release|x64
		{C1E1F450-B7E1-4796-84D5-7D3C831DFF68}.Release|x64.Build.0 = Release|x64
		{C1E1F450-B7E1-4796-84D5-7D3C831DFF68}.Release|x86.ActiveCfg = Release|Win32
		{C1E1F450-B7E1-4796-84D5-7D3C831DFF68}.Release|x86.Build.0 = Release|Win32
		{68345F1C-5B11-48CF-8AD8-059E981241DB}.Debug|Any CPU.ActiveCfg = Debug|Win32
		{68345F1C-5B11-48CF-8AD8-059E981241DB}.Debug|Any CPU.Build.0 = Debug|Win32
		{68345F1C-5B11-48CF-8AD8-059E981241DB}.Debug|ARM.ActiveCfg = Debug|ARM
		{68345F1C-5B11-48CF-8AD8-059E981241DB}.Debug|x64.ActiveCfg = Debug|x64
		{68345F1C-5B11-48CF-8AD8-059E981241DB}.Debug|x64.Build.0 = Debug|x64
		{68345F1C-5B11-48CF-8AD8-059E981241DB}.Debug|x86.ActiveCfg = Debug|Win32
		{68345F1C-5B11-48CF-8AD8-059E981241DB}.Debug|x86.Build.0 = Debug|Win32
		{68345F1C-5B11-48CF-8AD8-059E981241DB}.Release|Any CPU.ActiveCfg = Release|Win32
		{68345F1C-5B11-48CF-8AD8-059E981241DB}.Release|ARM.ActiveCfg = Release|ARM
		{68345F1C-5B11-48CF-8AD8-059E981241DB}.Release|x64.ActiveCfg = Release|x64
		{68345F1C-5B11-48CF-8AD8-059E981241DB}.Release|x64.Build.0 = Release|x64
		{68345F1C-5B11-48CF-8AD8-059E981241DB}.Release|x86.ActiveCfg = Release|Win32
		{68345F1C-5B11-48CF-8AD8-059E981241DB}.Release|x86.Build.0 = Release|Win32
		{5E2548A1-C280-49E1-A2B6-55F4BA12B3F2}.Debug|Any CPU.ActiveCfg = Debug|Win32
		{5E2548A1-C280-49E1-A2B6-55F4BA12B3F2}.Debug|Any CPU.Build.0 = Debug|Win32
		{5E2548A1-C280-49E1-A2B6-55F4BA12B3F2}.Debug|ARM.ActiveCfg = Debug|ARM
		{5E2548A1-C280-49E1-A2B6-55F4BA12B3F2}.Debug|x64.ActiveCfg = Debug|x64
		{5E2548A1-C280-49E1-A2B6-55F4BA12B3F2}.Debug|x64.Build.0 = Debug|x64
		{5E2548A1-C280-49E1-A2B6-55F4BA12B3F2}.Debug|x86.ActiveCfg = Debug|Win32
		{5E2548A1-C280-49E1-A2B6-55F4BA12B3F2}.Debug|x86.Build.0 = Debug|Win32
		{5E2548A1-C280-49E1-A2B6-55F4BA12B3F2}.Release|Any CPU.ActiveCfg = Release|Win32
		{5E2548A1-C280-49E1-A2B6-55F4BA12B3F2}.Release|ARM.ActiveCfg = Release|ARM
		{5E2548A1-C280-49E1-A2B6-55F4BA12B3F2}.Release|x64.ActiveCfg = Release|x64
		{5E2548A1-C280-49E1-A2B6-55F4BA12B3F2}.Release|x64.Build.0 = Release|x64
		{5E2548A1-C280-49E1-A2B6-55F4BA12B3F2}.Release|x86.ActiveCfg = Release|Win32
		{5E2548A1-C280-49E1-A2B6-55F4BA12B3F2}.Release|x86.Build.0 = Release|Win32
		{1A652E61-D7D7-49A9-958D-AB83E9C186C5}.Debug|Any CPU.ActiveCfg = Debug|Any CPU
		{1A652E61-D7D7-49A9-958D-AB83E9C186C5}.Debug|Any CPU.Build.0 = Debug|Any CPU
		{1A652E61-D7D7-49A9-958D-AB83E9C186C5}.Debug|ARM.ActiveCfg = Debug|x64
		{1A652E61-D7D7-49A9-958D-AB83E9C186C5}.Debug|ARM.Build.0 = Debug|x64
		{1A652E61-D7D7-49A9-958D-AB83E9C186C5}.Debug|x64.ActiveCfg = Debug|x64
		{1A652E61-D7D7-49A9-958D-AB83E9C186C5}.Debug|x64.Build.0 = Debug|x64
		{1A652E61-D7D7-49A9-958D-AB83E9C186C5}.Debug|x86.ActiveCfg = Debug|x86
		{1A652E61-D7D7-49A9-958D-AB83E9C186C5}.Debug|x86.Build.0 = Debug|x86
		{1A652E61-D7D7-49A9-958D-AB83E9C186C5}.Release|Any CPU.ActiveCfg = Release|Any CPU
		{1A652E61-D7D7-49A9-958D-AB83E9C186C5}.Release|Any CPU.Build.0 = Release|Any CPU
		{1A652E61-D7D7-49A9-958D-AB83E9C186C5}.Release|ARM.ActiveCfg = Release|Any CPU
		{1A652E61-D7D7-49A9-958D-AB83E9C186C5}.Release|ARM.Build.0 = Release|Any CPU
		{1A652E61-D7D7-49A9-958D-AB83E9C186C5}.Release|x64.ActiveCfg = Release|x64
		{1A652E61-D7D7-49A9-958D-AB83E9C186C5}.Release|x64.Build.0 = Release|x64
		{1A652E61-D7D7-49A9-958D-AB83E9C186C5}.Release|x86.ActiveCfg = Release|x86
		{1A652E61-D7D7-49A9-958D-AB83E9C186C5}.Release|x86.Build.0 = Release|x86
		{B1DB1846-C0FC-48EF-80E4-DC556E9240FA}.Debug|Any CPU.ActiveCfg = Debug|Win32
		{B1DB1846-C0FC-48EF-80E4-DC556E9240FA}.Debug|Any CPU.Build.0 = Debug|Win32
		{B1DB1846-C0FC-48EF-80E4-DC556E9240FA}.Debug|ARM.ActiveCfg = Debug|ARM
		{B1DB1846-C0FC-48EF-80E4-DC556E9240FA}.Debug|x64.ActiveCfg = Debug|x64
		{B1DB1846-C0FC-48EF-80E4-DC556E9240FA}.Debug|x64.Build.0 = Debug|x64
		{B1DB1846-C0FC-48EF-80E4-DC556E9240FA}.Debug|x86.ActiveCfg = Debug|Win32
		{B1DB1846-C0FC-48EF-80E4-DC556E9240FA}.Debug|x86.Build.0 = Debug|Win32
		{B1DB1846-C0FC-48EF-80E4-DC556E9240FA}.Release|Any CPU.ActiveCfg = Release|Win32
		{B1DB1846-C0FC-48EF-80E4-DC556E9240FA}.Release|ARM.ActiveCfg = Release|ARM
		{B1DB1846-C0FC-48EF-80E4-DC556E9240FA}.Release|x64.ActiveCfg = Release|x64
		{B1DB1846-C0FC-48EF-80E4-DC556E9240FA}.Release|x64.Build.0 = Release|x64
		{B1DB1846-C0FC-48EF-80E4-DC556E9240FA}.Release|x86.ActiveCfg = Release|Win32
		{B1DB1846-C0FC-48EF-80E4-DC556E9240FA}.Release|x86.Build.0 = Release|Win32
		{6105617E-3D4C-4914-BA33-E3D053496BA3}.Debug|Any CPU.ActiveCfg = Debug|Win32
		{6105617E-3D4C-4914-BA33-E3D053496BA3}.Debug|Any CPU.Build.0 = Debug|Win32
		{6105617E-3D4C-4914-BA33-E3D053496BA3}.Debug|ARM.ActiveCfg = Debug|ARM
		{6105617E-3D4C-4914-BA33-E3D053496BA3}.Debug|x64.ActiveCfg = Debug|x64
		{6105617E-3D4C-4914-BA33-E3D053496BA3}.Debug|x86.ActiveCfg = Debug|Win32
		{6105617E-3D4C-4914-BA33-E3D053496BA3}.Debug|x86.Build.0 = Debug|Win32
		{6105617E-3D4C-4914-BA33-E3D053496BA3}.Release|Any CPU.ActiveCfg = Release|Win32
		{6105617E-3D4C-4914-BA33-E3D053496BA3}.Release|ARM.ActiveCfg = Release|ARM
		{6105617E-3D4C-4914-BA33-E3D053496BA3}.Release|x64.ActiveCfg = Release|x64
		{6105617E-3D4C-4914-BA33-E3D053496BA3}.Release|x64.Build.0 = Release|x64
		{6105617E-3D4C-4914-BA33-E3D053496BA3}.Release|x86.ActiveCfg = Release|Win32
		{6105617E-3D4C-4914-BA33-E3D053496BA3}.Release|x86.Build.0 = Release|Win32
		{B6967135-E672-48E1-B41B-89DD49895A26}.Debug|Any CPU.ActiveCfg = Debug|Win32
		{B6967135-E672-48E1-B41B-89DD49895A26}.Debug|ARM.ActiveCfg = Debug|Win32
		{B6967135-E672-48E1-B41B-89DD49895A26}.Debug|x64.ActiveCfg = Debug|x64
		{B6967135-E672-48E1-B41B-89DD49895A26}.Debug|x64.Build.0 = Debug|x64
		{B6967135-E672-48E1-B41B-89DD49895A26}.Debug|x86.ActiveCfg = Debug|Win32
		{B6967135-E672-48E1-B41B-89DD49895A26}.Debug|x86.Build.0 = Debug|Win32
		{B6967135-E672-48E1-B41B-89DD49895A26}.Release|Any CPU.ActiveCfg = Release|Win32
		{B6967135-E672-48E1-B41B-89DD49895A26}.Release|ARM.ActiveCfg = Release|Win32
		{B6967135-E672-48E1-B41B-89DD49895A26}.Release|x64.ActiveCfg = Release|x64
		{B6967135-E672-48E1-B41B-89DD49895A26}.Release|x64.Build.0 = Release|x64
		{B6967135-E672-48E1-B41B-89DD49895A26}.Release|x86.ActiveCfg = Release|Win32
		{B6967135-E672-48E1-B41B-89DD49895A26}.Release|x86.Build.0 = Release|Win32
	EndGlobalSection
	GlobalSection(SolutionProperties) = preSolution
		HideSolutionNode = FALSE
	EndGlobalSection
	GlobalSection(ExtensibilityGlobals) = postSolution
		SolutionGuid = {FC916556-581F-40CE-B51E-4C7AFE0BA251}
	EndGlobalSection
EndGlobal
